// !$*UTF8*$!
{
	archiveVersion = 1;
	classes = {
	};
	objectVersion = 46;
	objects = {

/* Begin PBXBuildFile section */
		34E67DDE1A8D5B9D0000BE58 /* AppDelegate.swift in Sources */ = {isa = PBXBuildFile; fileRef = 34E67DDD1A8D5B9D0000BE58 /* AppDelegate.swift */; };
		34E67DE01A8D5B9D0000BE58 /* ViewController.swift in Sources */ = {isa = PBXBuildFile; fileRef = 34E67DDF1A8D5B9D0000BE58 /* ViewController.swift */; };
		34E67DE31A8D5B9D0000BE58 /* Main.storyboard in Resources */ = {isa = PBXBuildFile; fileRef = 34E67DE11A8D5B9D0000BE58 /* Main.storyboard */; };
		34E67DE51A8D5B9D0000BE58 /* Images.xcassets in Resources */ = {isa = PBXBuildFile; fileRef = 34E67DE41A8D5B9D0000BE58 /* Images.xcassets */; };
		34E67DE81A8D5B9E0000BE58 /* LaunchScreen.xib in Resources */ = {isa = PBXBuildFile; fileRef = 34E67DE61A8D5B9E0000BE58 /* LaunchScreen.xib */; };
		34E67DF41A8D5B9E0000BE58 /* Assignment_3Tests.swift in Sources */ = {isa = PBXBuildFile; fileRef = 34E67DF31A8D5B9E0000BE58 /* Assignment_3Tests.swift */; };
/* End PBXBuildFile section */

/* Begin PBXContainerItemProxy section */
		34E67DEE1A8D5B9E0000BE58 /* PBXContainerItemProxy */ = {
			isa = PBXContainerItemProxy;
			containerPortal = 34E67DD01A8D5B9D0000BE58 /* Project object */;
			proxyType = 1;
			remoteGlobalIDString = 34E67DD71A8D5B9D0000BE58;
			remoteInfo = "Assignment 3";
		};
/* End PBXContainerItemProxy section */

/* Begin PBXFileReference section */
		34E67DD81A8D5B9D0000BE58 /* Assignment 3.app */ = {isa = PBXFileReference; explicitFileType = wrapper.application; includeInIndex = 0; path = "Assignment 3.app"; sourceTree = BUILT_PRODUCTS_DIR; };
		34E67DDC1A8D5B9D0000BE58 /* Info.plist */ = {isa = PBXFileReference; lastKnownFileType = text.plist.xml; path = Info.plist; sourceTree = "<group>"; };
		34E67DDD1A8D5B9D0000BE58 /* AppDelegate.swift */ = {isa = PBXFileReference; lastKnownFileType = sourcecode.swift; path = AppDelegate.swift; sourceTree = "<group>"; };
		34E67DDF1A8D5B9D0000BE58 /* ViewController.swift */ = {isa = PBXFileReference; lastKnownFileType = sourcecode.swift; path = ViewController.swift; sourceTree = "<group>"; };
		34E67DE21A8D5B9D0000BE58 /* Base */ = {isa = PBXFileReference; lastKnownFileType = file.storyboard; name = Base; path = Base.lproj/Main.storyboard; sourceTree = "<group>"; };
		34E67DE41A8D5B9D0000BE58 /* Images.xcassets */ = {isa = PBXFileReference; lastKnownFileType = folder.assetcatalog; path = Images.xcassets; sourceTree = "<group>"; };
		34E67DE71A8D5B9E0000BE58 /* Base */ = {isa = PBXFileReference; lastKnownFileType = file.xib; name = Base; path = Base.lproj/LaunchScreen.xib; sourceTree = "<group>"; };
		34E67DED1A8D5B9E0000BE58 /* Assignment 3Tests.xctest */ = {isa = PBXFileReference; explicitFileType = wrapper.cfbundle; includeInIndex = 0; path = "Assignment 3Tests.xctest"; sourceTree = BUILT_PRODUCTS_DIR; };
		34E67DF21A8D5B9E0000BE58 /* Info.plist */ = {isa = PBXFileReference; lastKnownFileType = text.plist.xml; path = Info.plist; sourceTree = "<group>"; };
		34E67DF31A8D5B9E0000BE58 /* Assignment_3Tests.swift */ = {isa = PBXFileReference; lastKnownFileType = sourcecode.swift; path = Assignment_3Tests.swift; sourceTree = "<group>"; };
/* End PBXFileReference section */

/* Begin PBXFrameworksBuildPhase section */
		34E67DD51A8D5B9D0000BE58 /* Frameworks */ = {
			isa = PBXFrameworksBuildPhase;
			buildActionMask = 2147483647;
			files = (
			);
			runOnlyForDeploymentPostprocessing = 0;
		};
		34E67DEA1A8D5B9E0000BE58 /* Frameworks */ = {
			isa = PBXFrameworksBuildPhase;
			buildActionMask = 2147483647;
			files = (
			);
			runOnlyForDeploymentPostprocessing = 0;
		};
/* End PBXFrameworksBuildPhase section */

/* Begin PBXGroup section */
		34E67DCF1A8D5B9D0000BE58 = {
			isa = PBXGroup;
			children = (
				34E67DDA1A8D5B9D0000BE58 /* Assignment 3 */,
				34E67DF01A8D5B9E0000BE58 /* Assignment 3Tests */,
				34E67DD91A8D5B9D0000BE58 /* Products */,
			);
			sourceTree = "<group>";
		};
		34E67DD91A8D5B9D0000BE58 /* Products */ = {
			isa = PBXGroup;
			children = (
				34E67DD81A8D5B9D0000BE58 /* Assignment 3.app */,
				34E67DED1A8D5B9E0000BE58 /* Assignment 3Tests.xctest */,
			);
			name = Products;
			sourceTree = "<group>";
		};
		34E67DDA1A8D5B9D0000BE58 /* Assignment 3 */ = {
			isa = PBXGroup;
			children = (
				34E67DDD1A8D5B9D0000BE58 /* AppDelegate.swift */,
				34E67DDF1A8D5B9D0000BE58 /* ViewController.swift */,
				34E67DE11A8D5B9D0000BE58 /* Main.storyboard */,
				34E67DE41A8D5B9D0000BE58 /* Images.xcassets */,
				34E67DE61A8D5B9E0000BE58 /* LaunchScreen.xib */,
				34E67DDB1A8D5B9D0000BE58 /* Supporting Files */,
			);
			path = "Assignment 3";
			sourceTree = "<group>";
		};
		34E67DDB1A8D5B9D0000BE58 /* Supporting Files */ = {
			isa = PBXGroup;
			children = (
				34E67DDC1A8D5B9D0000BE58 /* Info.plist */,
			);
			name = "Supporting Files";
			sourceTree = "<group>";
		};
		34E67DF01A8D5B9E0000BE58 /* Assignment 3Tests */ = {
			isa = PBXGroup;
			children = (
				34E67DF31A8D5B9E0000BE58 /* Assignment_3Tests.swift */,
				34E67DF11A8D5B9E0000BE58 /* Supporting Files */,
			);
			path = "Assignment 3Tests";
			sourceTree = "<group>";
		};
		34E67DF11A8D5B9E0000BE58 /* Supporting Files */ = {
			isa = PBXGroup;
			children = (
				34E67DF21A8D5B9E0000BE58 /* Info.plist */,
			);
			name = "Supporting Files";
			sourceTree = "<group>";
		};
/* End PBXGroup section */

/* Begin PBXNativeTarget section */
		34E67DD71A8D5B9D0000BE58 /* Assignment 3 */ = {
			isa = PBXNativeTarget;
			buildConfigurationList = 34E67DF71A8D5B9E0000BE58 /* Build configuration list for PBXNativeTarget "Assignment 3" */;
			buildPhases = (
				34E67DD41A8D5B9D0000BE58 /* Sources */,
				34E67DD51A8D5B9D0000BE58 /* Frameworks */,
				34E67DD61A8D5B9D0000BE58 /* Resources */,
			);
			buildRules = (
			);
			dependencies = (
			);
			name = "Assignment 3";
			productName = "Assignment 3";
			productReference = 34E67DD81A8D5B9D0000BE58 /* Assignment 3.app */;
			productType = "com.apple.product-type.application";
		};
		34E67DEC1A8D5B9E0000BE58 /* Assignment 3Tests */ = {
			isa = PBXNativeTarget;
			buildConfigurationList = 34E67DFA1A8D5B9E0000BE58 /* Build configuration list for PBXNativeTarget "Assignment 3Tests" */;
			buildPhases = (
				34E67DE91A8D5B9E0000BE58 /* Sources */,
				34E67DEA1A8D5B9E0000BE58 /* Frameworks */,
				34E67DEB1A8D5B9E0000BE58 /* Resources */,
			);
			buildRules = (
			);
			dependencies = (
				34E67DEF1A8D5B9E0000BE58 /* PBXTargetDependency */,
			);
			name = "Assignment 3Tests";
			productName = "Assignment 3Tests";
			productReference = 34E67DED1A8D5B9E0000BE58 /* Assignment 3Tests.xctest */;
			productType = "com.apple.product-type.bundle.unit-test";
		};
/* End PBXNativeTarget section */

/* Begin PBXProject section */
		34E67DD01A8D5B9D0000BE58 /* Project object */ = {
			isa = PBXProject;
			attributes = {
				LastUpgradeCheck = 0610;
				ORGANIZATIONNAME = "Jason Michael Miletta";
				TargetAttributes = {
					34E67DD71A8D5B9D0000BE58 = {
						CreatedOnToolsVersion = 6.1.1;
					};
					34E67DEC1A8D5B9E0000BE58 = {
						CreatedOnToolsVersion = 6.1.1;
						TestTargetID = 34E67DD71A8D5B9D0000BE58;
					};
				};
			};
			buildConfigurationList = 34E67DD31A8D5B9D0000BE58 /* Build configuration list for PBXProject "Assignment 3" */;
			compatibilityVersion = "Xcode 3.2";
			developmentRegion = English;
			hasScannedForEncodings = 0;
			knownRegions = (
				en,
				Base,
			);
			mainGroup = 34E67DCF1A8D5B9D0000BE58;
			productRefGroup = 34E67DD91A8D5B9D0000BE58 /* Products */;
			projectDirPath = "";
			projectRoot = "";
			targets = (
				34E67DD71A8D5B9D0000BE58 /* Assignment 3 */,
				34E67DEC1A8D5B9E0000BE58 /* Assignment 3Tests */,
			);
		};
/* End PBXProject section */

/* Begin PBXResourcesBuildPhase section */
		34E67DD61A8D5B9D0000BE58 /* Resources */ = {
			isa = PBXResourcesBuildPhase;
			buildActionMask = 2147483647;
			files = (
				34E67DE31A8D5B9D0000BE58 /* Main.storyboard in Resources */,
				34E67DE81A8D5B9E0000BE58 /* LaunchScreen.xib in Resources */,
				34E67DE51A8D5B9D0000BE58 /* Images.xcassets in Resources */,
			);
			runOnlyForDeploymentPostprocessing = 0;
		};
		34E67DEB1A8D5B9E0000BE58 /* Resources */ = {
			isa = PBXResourcesBuildPhase;
			buildActionMask = 2147483647;
			files = (
			);
			runOnlyForDeploymentPostprocessing = 0;
		};
/* End PBXResourcesBuildPhase section */

/* Begin PBXSourcesBuildPhase section */
		34E67DD41A8D5B9D0000BE58 /* Sources */ = {
			isa = PBXSourcesBuildPhase;
			buildActionMask = 2147483647;
			files = (
				34E67DE01A8D5B9D0000BE58 /* ViewController.swift in Sources */,
				34E67DDE1A8D5B9D0000BE58 /* AppDelegate.swift in Sources */,
			);
			runOnlyForDeploymentPostprocessing = 0;
		};
		34E67DE91A8D5B9E0000BE58 /* Sources */ = {
			isa = PBXSourcesBuildPhase;
			buildActionMask = 2147483647;
			files = (
				34E67DF41A8D5B9E0000BE58 /* Assignment_3Tests.swift in Sources */,
			);
			runOnlyForDeploymentPostprocessing = 0;
		};
/* End PBXSourcesBuildPhase section */

/* Begin PBXTargetDependency section */
		34E67DEF1A8D5B9E0000BE58 /* PBXTargetDependency */ = {
			isa = PBXTargetDependency;
			target = 34E67DD71A8D5B9D0000BE58 /* Assignment 3 */;
			targetProxy = 34E67DEE1A8D5B9E0000BE58 /* PBXContainerItemProxy */;
		};
/* End PBXTargetDependency section */

/* Begin PBXVariantGroup section */
		34E67DE11A8D5B9D0000BE58 /* Main.storyboard */ = {
			isa = PBXVariantGroup;
			children = (
				34E67DE21A8D5B9D0000BE58 /* Base */,
			);
			name = Main.storyboard;
			sourceTree = "<group>";
		};
		34E67DE61A8D5B9E0000BE58 /* LaunchScreen.xib */ = {
			isa = PBXVariantGroup;
			children = (
				34E67DE71A8D5B9E0000BE58 /* Base */,
			);
			name = LaunchScreen.xib;
			sourceTree = "<group>";
		};
/* End PBXVariantGroup section */

/* Begin XCBuildConfiguration section */
		34E67DF51A8D5B9E0000BE58 /* Debug */ = {
			isa = XCBuildConfiguration;
			buildSettings = {
				ALWAYS_SEARCH_USER_PATHS = NO;
				CLANG_CXX_LANGUAGE_STANDARD = "gnu++0x";
				CLANG_CXX_LIBRARY = "libc++";
				CLANG_ENABLE_MODULES = YES;
				CLANG_ENABLE_OBJC_ARC = YES;
				CLANG_WARN_BOOL_CONVERSION = YES;
				CLANG_WARN_CONSTANT_CONVERSION = YES;
				CLANG_WARN_DIRECT_OBJC_ISA_USAGE = YES_ERROR;
				CLANG_WARN_EMPTY_BODY = YES;
				CLANG_WARN_ENUM_CONVERSION = YES;
				CLANG_WARN_INT_CONVERSION = YES;
				CLANG_WARN_OBJC_ROOT_CLASS = YES_ERROR;
				CLANG_WARN_UNREACHABLE_CODE = YES;
				CLANG_WARN__DUPLICATE_METHOD_MATCH = YES;
				"CODE_SIGN_IDENTITY[sdk=iphoneos*]" = "iPhone Developer";
				COPY_PHASE_STRIP = NO;
				ENABLE_STRICT_OBJC_MSGSEND = YES;
				GCC_C_LANGUAGE_STANDARD = gnu99;
				GCC_DYNAMIC_NO_PIC = NO;
				GCC_OPTIMIZATION_LEVEL = 0;
				GCC_PREPROCESSOR_DEFINITIONS = (
					"DEBUG=1",
					"$(inherited)",
				);
				GCC_SYMBOLS_PRIVATE_EXTERN = NO;
				GCC_WARN_64_TO_32_BIT_CONVERSION = YES;
				GCC_WARN_ABOUT_RETURN_TYPE = YES_ERROR;
				GCC_WARN_UNDECLARED_SELECTOR = YES;
				GCC_WARN_UNINITIALIZED_AUTOS = YES_AGGRESSIVE;
				GCC_WARN_UNUSED_FUNCTION = YES;
				GCC_WARN_UNUSED_VARIABLE = YES;
				IPHONEOS_DEPLOYMENT_TARGET = 8.1;
				MTL_ENABLE_DEBUG_INFO = YES;
				ONLY_ACTIVE_ARCH = YES;
				SDKROOT = iphoneos;
				SWIFT_OPTIMIZATION_LEVEL = "-Onone";
				TARGETED_DEVICE_FAMILY = "1,2";
			};
			name = Debug;
		};
		34E67DF61A8D5B9E0000BE58 /* Release */ = {
			isa = XCBuildConfiguration;
			buildSettings = {
				ALWAYS_SEARCH_USER_PATHS = NO;
				CLANG_CXX_LANGUAGE_STANDARD = "gnu++0x";
				CLANG_CXX_LIBRARY = "libc++";
				CLANG_ENABLE_MODULES = YES;
				CLANG_ENABLE_OBJC_ARC = YES;
				CLANG_WARN_BOOL_CONVERSION = YES;
				CLANG_WARN_CONSTANT_CONVERSION = YES;
				CLANG_WARN_DIRECT_OBJC_ISA_USAGE = YES_ERROR;
				CLANG_WARN_EMPTY_BODY = YES;
				CLANG_WARN_ENUM_CONVERSION = YES;
				CLANG_WARN_INT_CONVERSION = YES;
				CLANG_WARN_OBJC_ROOT_CLASS = YES_ERROR;
				CLANG_WARN_UNREACHABLE_CODE = YES;
				CLANG_WARN__DUPLICATE_METHOD_MATCH = YES;
				"CODE_SIGN_IDENTITY[sdk=iphoneos*]" = "iPhone Developer";
				COPY_PHASE_STRIP = YES;
				ENABLE_NS_ASSERTIONS = NO;
				ENABLE_STRICT_OBJC_MSGSEND = YES;
				GCC_C_LANGUAGE_STANDARD = gnu99;
				GCC_WARN_64_TO_32_BIT_CONVERSION = YES;
				GCC_WARN_ABOUT_RETURN_TYPE = YES_ERROR;
				GCC_WARN_UNDECLARED_SELECTOR = YES;
				GCC_WARN_UNINITIALIZED_AUTOS = YES_AGGRESSIVE;
				GCC_WARN_UNUSED_FUNCTION = YES;
				GCC_WARN_UNUSED_VARIABLE = YES;
				IPHONEOS_DEPLOYMENT_TARGET = 8.1;
				MTL_ENABLE_DEBUG_INFO = NO;
				SDKROOT = iphoneos;
				TARGETED_DEVICE_FAMILY = "1,2";
				VALIDATE_PRODUCT = YES;
			};
			name = Release;
		};
		34E67DF81A8D5B9E0000BE58 /* Debug */ = {
			isa = XCBuildConfiguration;
			buildSettings = {
				ASSETCATALOG_COMPILER_APPICON_NAME = AppIcon;
				INFOPLIST_FILE = "Assignment 3/Info.plist";
				LD_RUNPATH_SEARCH_PATHS = "$(inherited) @executable_path/Frameworks";
				PRODUCT_NAME = "$(TARGET_NAME)";
			};
			name = Debug;
		};
		34E67DF91A8D5B9E0000BE58 /* Release */ = {
			isa = XCBuildConfiguration;
			buildSettings = {
				ASSETCATALOG_COMPILER_APPICON_NAME = AppIcon;
				INFOPLIST_FILE = "Assignment 3/Info.plist";
				LD_RUNPATH_SEARCH_PATHS = "$(inherited) @executable_path/Frameworks";
				PRODUCT_NAME = "$(TARGET_NAME)";
			};
			name = Release;
		};
		34E67DFB1A8D5B9E0000BE58 /* Debug */ = {
			isa = XCBuildConfiguration;
			buildSettings = {
				BUNDLE_LOADER = "$(TEST_HOST)";
				FRAMEWORK_SEARCH_PATHS = (
					"$(SDKROOT)/Developer/Library/Frameworks",
					"$(inherited)",
				);
				GCC_PREPROCESSOR_DEFINITIONS = (
					"DEBUG=1",
					"$(inherited)",
				);
				INFOPLIST_FILE = "Assignment 3Tests/Info.plist";
				LD_RUNPATH_SEARCH_PATHS = "$(inherited) @executable_path/Frameworks @loader_path/Frameworks";
				PRODUCT_NAME = "$(TARGET_NAME)";
				TEST_HOST = "$(BUILT_PRODUCTS_DIR)/Assignment 3.app/Assignment 3";
			};
			name = Debug;
		};
		34E67DFC1A8D5B9E0000BE58 /* Release */ = {
			isa = XCBuildConfiguration;
			buildSettings = {
				BUNDLE_LOADER = "$(TEST_HOST)";
				FRAMEWORK_SEARCH_PATHS = (
					"$(SDKROOT)/Developer/Library/Frameworks",
					"$(inherited)",
				);
				INFOPLIST_FILE = "Assignment 3Tests/Info.plist";
				LD_RUNPATH_SEARCH_PATHS = "$(inherited) @executable_path/Frameworks @loader_path/Frameworks";
				PRODUCT_NAME = "$(TARGET_NAME)";
				TEST_HOST = "$(BUILT_PRODUCTS_DIR)/Assignment 3.app/Assignment 3";
			};
			name = Release;
		};
/* End XCBuildConfiguration section */

/* Begin XCConfigurationList section */
		34E67DD31A8D5B9D0000BE58 /* Build configuration list for PBXProject "Assignment 3" */ = {
			isa = XCConfigurationList;
			buildConfigurations = (
				34E67DF51A8D5B9E0000BE58 /* Debug */,
				34E67DF61A8D5B9E0000BE58 /* Release */,
			);
			defaultConfigurationIsVisible = 0;
			defaultConfigurationName = Release;
		};
		34E67DF71A8D5B9E0000BE58 /* Build configuration list for PBXNativeTarget "Assignment 3" */ = {
			isa = XCConfigurationList;
			buildConfigurations = (
				34E67DF81A8D5B9E0000BE58 /* Debug */,
				34E67DF91A8D5B9E0000BE58 /* Release */,
			);
			defaultConfigurationIsVisible = 0;
		};
		34E67DFA1A8D5B9E0000BE58 /* Build configuration list for PBXNativeTarget "Assignment 3Tests" */ = {
			isa = XCConfigurationList;
			buildConfigurations = (
				34E67DFB1A8D5B9E0000BE58 /* Debug */,
				34E67DFC1A8D5B9E0000BE58 /* Release */,
			);
			defaultConfigurationIsVisible = 0;
		};
/* End XCConfigurationList section */
	};
	rootObject = 34E67DD01A8D5B9D0000BE58 /* Project object */;
}
